
Microsoft Visual Studio Solution File, Format Version 12.00
# Visual Studio Version 16
VisualStudioVersion = 16.0.29613.14
MinimumVisualStudioVersion = 10.0.40219.1
Project("{FAE04EC0-301F-11D3-BF4B-00C04F79EFBC}") = "MvcAssignment", "MvcAssignment\MvcAssignment.csproj", "{00D204AE-5E3A-4B9D-B8F6-B80F1A1B53D8}"
EndProject
Project("{FAE04EC0-301F-11D3-BF4B-00C04F79EFBC}") = "ModelClasses", "ModelClasses\ModelClasses.csproj", "{68906CD6-BD6C-4F21-84E8-2627EE59A869}"
EndProject
Project("{FAE04EC0-301F-11D3-BF4B-00C04F79EFBC}") = "DataLayer", "DataLayer\DataLayer.csproj", "{D759194C-03C9-497F-9FDB-8023CEE851F1}"
EndProject
Global
	GlobalSection(SolutionConfigurationPlatforms) = preSolution
		Debug|Any CPU = Debug|Any CPU
		Release|Any CPU = Release|Any CPU
	EndGlobalSection
	GlobalSection(ProjectConfigurationPlatforms) = postSolution
		{00D204AE-5E3A-4B9D-B8F6-B80F1A1B53D8}.Debug|Any CPU.ActiveCfg = Debug|Any CPU
		{00D204AE-5E3A-4B9D-B8F6-B80F1A1B53D8}.Debug|Any CPU.Build.0 = Debug|Any CPU
		{00D204AE-5E3A-4B9D-B8F6-B80F1A1B53D8}.Release|Any CPU.ActiveCfg = Release|Any CPU
		{00D204AE-5E3A-4B9D-B8F6-B80F1A1B53D8}.Release|Any CPU.Build.0 = Release|Any CPU
		{68906CD6-BD6C-4F21-84E8-2627EE59A869}.Debug|Any CPU.ActiveCfg = Debug|Any CPU
		{68906CD6-BD6C-4F21-84E8-2627EE59A869}.Debug|Any CPU.Build.0 = Debug|Any CPU
		{68906CD6-BD6C-4F21-84E8-2627EE59A869}.Release|Any CPU.ActiveCfg = Release|Any CPU
		{68906CD6-BD6C-4F21-84E8-2627EE59A869}.Release|Any CPU.Build.0 = Release|Any CPU
		{D759194C-03C9-497F-9FDB-8023CEE851F1}.Debug|Any CPU.ActiveCfg = Debug|Any CPU
		{D759194C-03C9-497F-9FDB-8023CEE851F1}.Debug|Any CPU.Build.0 = Debug|Any CPU
		{D759194C-03C9-497F-9FDB-8023CEE851F1}.Release|Any CPU.ActiveCfg = Release|Any CPU
		{D759194C-03C9-497F-9FDB-8023CEE851F1}.Release|Any CPU.Build.0 = Release|Any CPU
	EndGlobalSection
	GlobalSection(SolutionProperties) = preSolution
		HideSolutionNode = FALSE
	EndGlobalSection
	GlobalSection(ExtensibilityGlobals) = postSolution
		SolutionGuid = {6BA4193A-68EC-4713-AB9F-34DF9597DF80}
	EndGlobalSection
EndGlobal
